// !$*UTF8*$!
{
	archiveVersion = 1;
	classes = {
	};
	objectVersion = 50;
	objects = {

/* Begin PBXBuildFile section */
		571531C626483593000594E8 /* PhotoViewController.swift in Sources */ = {isa = PBXBuildFile; fileRef = 571531C526483593000594E8 /* PhotoViewController.swift */; };
		571531C826483895000594E8 /* PhotoDisplayViewModel.swift in Sources */ = {isa = PBXBuildFile; fileRef = 571531C726483895000594E8 /* PhotoDisplayViewModel.swift */; };
		571531D22648B041000594E8 /* PhotoInfoViewController.swift in Sources */ = {isa = PBXBuildFile; fileRef = 571531D12648B041000594E8 /* PhotoInfoViewController.swift */; };
		571531D82648BA40000594E8 /* UserDetailViewController.swift in Sources */ = {isa = PBXBuildFile; fileRef = 571531D72648BA40000594E8 /* UserDetailViewController.swift */; };
		571531DA2648BB0D000594E8 /* UserDetail.swift in Sources */ = {isa = PBXBuildFile; fileRef = 571531D92648BB0D000594E8 /* UserDetail.swift */; };
		571531DC2648BB66000594E8 /* UserDetailViewModel.swift in Sources */ = {isa = PBXBuildFile; fileRef = 571531DB2648BB66000594E8 /* UserDetailViewModel.swift */; };
		571531DE264910ED000594E8 /* UserTableViewCell.swift in Sources */ = {isa = PBXBuildFile; fileRef = 571531DD264910ED000594E8 /* UserTableViewCell.swift */; };
		571531E026495EB8000594E8 /* UserTableCellViewModel.swift in Sources */ = {isa = PBXBuildFile; fileRef = 571531DF26495EB8000594E8 /* UserTableCellViewModel.swift */; };
		5716BA2C264D19D200B4869B /* UserCollectionTableViewCellViewModel.swift in Sources */ = {isa = PBXBuildFile; fileRef = 5716BA2B264D19D200B4869B /* UserCollectionTableViewCellViewModel.swift */; };
		5716BA31264D6F4700B4869B /* ReviewViewController.swift in Sources */ = {isa = PBXBuildFile; fileRef = 5716BA30264D6F4600B4869B /* ReviewViewController.swift */; };
		5716BA33264D7CE900B4869B /* ShareProtocol.swift in Sources */ = {isa = PBXBuildFile; fileRef = 5716BA32264D7CE900B4869B /* ShareProtocol.swift */; };
		5716BA37264D94D000B4869B /* SearchCollection.swift in Sources */ = {isa = PBXBuildFile; fileRef = 5716BA36264D94D000B4869B /* SearchCollection.swift */; };
		5716BA39264D98AA00B4869B /* SearchUsersTableViewCell.swift in Sources */ = {isa = PBXBuildFile; fileRef = 5716BA38264D98AA00B4869B /* SearchUsersTableViewCell.swift */; };
		5716BA3B264D98CA00B4869B /* SearchUsersTableViewCell.xib in Resources */ = {isa = PBXBuildFile; fileRef = 5716BA3A264D98CA00B4869B /* SearchUsersTableViewCell.xib */; };
		5726EA0026429FA400091D6B /* AppDelegate.swift in Sources */ = {isa = PBXBuildFile; fileRef = 5726E9FF26429FA400091D6B /* AppDelegate.swift */; };
		5726EA0226429FA400091D6B /* SceneDelegate.swift in Sources */ = {isa = PBXBuildFile; fileRef = 5726EA0126429FA400091D6B /* SceneDelegate.swift */; };
		5726EA0426429FA400091D6B /* HomeViewController.swift in Sources */ = {isa = PBXBuildFile; fileRef = 5726EA0326429FA400091D6B /* HomeViewController.swift */; };
		5726EA0726429FA400091D6B /* Main.storyboard in Resources */ = {isa = PBXBuildFile; fileRef = 5726EA0526429FA400091D6B /* Main.storyboard */; };
		5726EA0926429FC800091D6B /* Assets.xcassets in Resources */ = {isa = PBXBuildFile; fileRef = 5726EA0826429FC800091D6B /* Assets.xcassets */; };
		5726EA0C26429FC800091D6B /* LaunchScreen.storyboard in Resources */ = {isa = PBXBuildFile; fileRef = 5726EA0A26429FC800091D6B /* LaunchScreen.storyboard */; };
		5726EA3B2642D15F00091D6B /* PhotoApi.swift in Sources */ = {isa = PBXBuildFile; fileRef = 5726EA3A2642D15F00091D6B /* PhotoApi.swift */; };
		5726EA472642EC6500091D6B /* Photo.swift in Sources */ = {isa = PBXBuildFile; fileRef = 5726EA462642EC6500091D6B /* Photo.swift */; };
		5726EA592642F19F00091D6B /* ParameterEncoding.swift in Sources */ = {isa = PBXBuildFile; fileRef = 5726EA4E2642F19E00091D6B /* ParameterEncoding.swift */; };
		5726EA5A2642F19F00091D6B /* URLParameterEncoder.swift in Sources */ = {isa = PBXBuildFile; fileRef = 5726EA4F2642F19E00091D6B /* URLParameterEncoder.swift */; };
		5726EA5B2642F19F00091D6B /* JSONParameterEncoder.swift in Sources */ = {isa = PBXBuildFile; fileRef = 5726EA502642F19E00091D6B /* JSONParameterEncoder.swift */; };
		5726EA5C2642F19F00091D6B /* AppError.swift in Sources */ = {isa = PBXBuildFile; fileRef = 5726EA522642F19E00091D6B /* AppError.swift */; };
		5726EA5D2642F19F00091D6B /* EndPoint.swift in Sources */ = {isa = PBXBuildFile; fileRef = 5726EA542642F19E00091D6B /* EndPoint.swift */; };
		5726EA5E2642F19F00091D6B /* HTTPTask.swift in Sources */ = {isa = PBXBuildFile; fileRef = 5726EA562642F19E00091D6B /* HTTPTask.swift */; };
		5726EA5F2642F19F00091D6B /* HTTPMethod.swift in Sources */ = {isa = PBXBuildFile; fileRef = 5726EA572642F19E00091D6B /* HTTPMethod.swift */; };
		5726EA602642F19F00091D6B /* Router.swift in Sources */ = {isa = PBXBuildFile; fileRef = 5726EA582642F19E00091D6B /* Router.swift */; };
		5726EA632642F2DD00091D6B /* HomeViewModel.swift in Sources */ = {isa = PBXBuildFile; fileRef = 5726EA622642F2DD00091D6B /* HomeViewModel.swift */; };
		5726EA6C2642F65D00091D6B /* UIImageView+Ext.swift in Sources */ = {isa = PBXBuildFile; fileRef = 5726EA682642F65D00091D6B /* UIImageView+Ext.swift */; };
		5726EA6D2642F65D00091D6B /* ViewReusable.swift in Sources */ = {isa = PBXBuildFile; fileRef = 5726EA692642F65D00091D6B /* ViewReusable.swift */; };
		5726EA6E2642F65D00091D6B /* ImageCache.swift in Sources */ = {isa = PBXBuildFile; fileRef = 5726EA6B2642F65D00091D6B /* ImageCache.swift */; };
		572D101B264DCBFC00B90CFC /* SearchUserTableCellViewModel.swift in Sources */ = {isa = PBXBuildFile; fileRef = 572D101A264DCBFC00B90CFC /* SearchUserTableCellViewModel.swift */; };
		572D101F264DEEBD00B90CFC /* UserCollection.swift in Sources */ = {isa = PBXBuildFile; fileRef = 572D101E264DEEBD00B90CFC /* UserCollection.swift */; };
		572D1024264EAB9D00B90CFC /* WelcomeViewController.swift in Sources */ = {isa = PBXBuildFile; fileRef = 572D1023264EAB9D00B90CFC /* WelcomeViewController.swift */; };
		572D102B264EE19500B90CFC /* CollectionsDisplayViewController.swift in Sources */ = {isa = PBXBuildFile; fileRef = 572D102A264EE19400B90CFC /* CollectionsDisplayViewController.swift */; };
		572D102D264EE5F400B90CFC /* CollectionsDisplayViewModel.swift in Sources */ = {isa = PBXBuildFile; fileRef = 572D102C264EE5F400B90CFC /* CollectionsDisplayViewModel.swift */; };
		572D1030264EE72500B90CFC /* CollectionsDisplayTableViewCell.swift in Sources */ = {isa = PBXBuildFile; fileRef = 572D102F264EE72500B90CFC /* CollectionsDisplayTableViewCell.swift */; };
		572D1032264EE77200B90CFC /* CollectionDisplayCellViewModel.swift in Sources */ = {isa = PBXBuildFile; fileRef = 572D1031264EE77200B90CFC /* CollectionDisplayCellViewModel.swift */; };
		572D1035264F11F500B90CFC /* Simulator Screen Recording - iPhone 11 Pro Max - 2021-05-14 at 15.56.41.gif in Resources */ = {isa = PBXBuildFile; fileRef = 572D1034264F11F400B90CFC /* Simulator Screen Recording - iPhone 11 Pro Max - 2021-05-14 at 15.56.41.gif */; };
		572D1037264F14F400B90CFC /* Login.storyboard in Resources */ = {isa = PBXBuildFile; fileRef = 572D1036264F14F400B90CFC /* Login.storyboard */; };
		57305A2B264593D400552FC8 /* HomeTableViewCell.swift in Sources */ = {isa = PBXBuildFile; fileRef = 57305A2A264593D400552FC8 /* HomeTableViewCell.swift */; };
		57305A2D2645964100552FC8 /* HomeTableCellViewModel.swift in Sources */ = {isa = PBXBuildFile; fileRef = 57305A2C2645964100552FC8 /* HomeTableCellViewModel.swift */; };
		57305A2F2645A98D00552FC8 /* Topic.swift in Sources */ = {isa = PBXBuildFile; fileRef = 57305A2E2645A98C00552FC8 /* Topic.swift */; };
		57305A312645B34E00552FC8 /* HomeCollectionViewCell.swift in Sources */ = {isa = PBXBuildFile; fileRef = 57305A302645B34E00552FC8 /* HomeCollectionViewCell.swift */; };
		57305A332645CA3B00552FC8 /* HomeCollectionCellViewModel.swift in Sources */ = {isa = PBXBuildFile; fileRef = 57305A322645CA3B00552FC8 /* HomeCollectionCellViewModel.swift */; };
		573D3F1726472B5A00E8C03F /* TopicPhoto.swift in Sources */ = {isa = PBXBuildFile; fileRef = 573D3F1626472B5A00E8C03F /* TopicPhoto.swift */; };
		5787966F2651A94100F43957 /* LoginViewController.swift in Sources */ = {isa = PBXBuildFile; fileRef = 5787966E2651A94100F43957 /* LoginViewController.swift */; };
		5796FC932649B8C500C88E8F /* SearchViewController.swift in Sources */ = {isa = PBXBuildFile; fileRef = 5796FC922649B8C500C88E8F /* SearchViewController.swift */; };
		5796FC952649B8D600C88E8F /* SearchViewModel.swift in Sources */ = {isa = PBXBuildFile; fileRef = 5796FC942649B8D600C88E8F /* SearchViewModel.swift */; };
		5796FC972649C2B700C88E8F /* SearchPhoto.swift in Sources */ = {isa = PBXBuildFile; fileRef = 5796FC962649C2B700C88E8F /* SearchPhoto.swift */; };
		5796FC9A2649C3F800C88E8F /* SearchTableViewCell.swift in Sources */ = {isa = PBXBuildFile; fileRef = 5796FC992649C3F800C88E8F /* SearchTableViewCell.swift */; };
		5796FC9C2649C6E800C88E8F /* SearchTableCellViewModel.swift in Sources */ = {isa = PBXBuildFile; fileRef = 5796FC9B2649C6E800C88E8F /* SearchTableCellViewModel.swift */; };
		5796FCAA264AB42A00C88E8F /* AddPhotosViewController.swift in Sources */ = {isa = PBXBuildFile; fileRef = 5796FCA9264AB42A00C88E8F /* AddPhotosViewController.swift */; };
		5796FCAC264AB47C00C88E8F /* BlogCollectionViewCell.swift in Sources */ = {isa = PBXBuildFile; fileRef = 5796FCAB264AB47C00C88E8F /* BlogCollectionViewCell.swift */; };
		5796FCAE264ABE9300C88E8F /* BlogCollectionCellViewModel.swift in Sources */ = {isa = PBXBuildFile; fileRef = 5796FCAD264ABE9300C88E8F /* BlogCollectionCellViewModel.swift */; };
		5796FCB0264AC1A900C88E8F /* AddPhotosViewModel.swift in Sources */ = {isa = PBXBuildFile; fileRef = 5796FCAF264AC1A900C88E8F /* AddPhotosViewModel.swift */; };
		5796FCB2264AD67100C88E8F /* BlogPhotos.swift in Sources */ = {isa = PBXBuildFile; fileRef = 5796FCB1264AD67100C88E8F /* BlogPhotos.swift */; };
		5796FCB4264AEADB00C88E8F /* PhotoModel.swift in Sources */ = {isa = PBXBuildFile; fileRef = 5796FCB3264AEADB00C88E8F /* PhotoModel.swift */; };
		5796FCB6264C775000C88E8F /* UserCollectionTableViewCell.xib in Resources */ = {isa = PBXBuildFile; fileRef = 5796FCB5264C773F00C88E8F /* UserCollectionTableViewCell.xib */; };
		5796FCB8264D02F200C88E8F /* UserCollectionTableViewCell.swift in Sources */ = {isa = PBXBuildFile; fileRef = 5796FCB7264D02F200C88E8F /* UserCollectionTableViewCell.swift */; };
/* End PBXBuildFile section */

/* Begin PBXFileReference section */
		571531C526483593000594E8 /* PhotoViewController.swift */ = {isa = PBXFileReference; lastKnownFileType = sourcecode.swift; path = PhotoViewController.swift; sourceTree = "<group>"; };
		571531C726483895000594E8 /* PhotoDisplayViewModel.swift */ = {isa = PBXFileReference; lastKnownFileType = sourcecode.swift; path = PhotoDisplayViewModel.swift; sourceTree = "<group>"; };
		571531D12648B041000594E8 /* PhotoInfoViewController.swift */ = {isa = PBXFileReference; lastKnownFileType = sourcecode.swift; path = PhotoInfoViewController.swift; sourceTree = "<group>"; };
		571531D72648BA40000594E8 /* UserDetailViewController.swift */ = {isa = PBXFileReference; lastKnownFileType = sourcecode.swift; path = UserDetailViewController.swift; sourceTree = "<group>"; };
		571531D92648BB0D000594E8 /* UserDetail.swift */ = {isa = PBXFileReference; lastKnownFileType = sourcecode.swift; path = UserDetail.swift; sourceTree = "<group>"; };
		571531DB2648BB66000594E8 /* UserDetailViewModel.swift */ = {isa = PBXFileReference; lastKnownFileType = sourcecode.swift; path = UserDetailViewModel.swift; sourceTree = "<group>"; };
		571531DD264910ED000594E8 /* UserTableViewCell.swift */ = {isa = PBXFileReference; lastKnownFileType = sourcecode.swift; path = UserTableViewCell.swift; sourceTree = "<group>"; };
		571531DF26495EB8000594E8 /* UserTableCellViewModel.swift */ = {isa = PBXFileReference; lastKnownFileType = sourcecode.swift; path = UserTableCellViewModel.swift; sourceTree = "<group>"; };
		5716BA2B264D19D200B4869B /* UserCollectionTableViewCellViewModel.swift */ = {isa = PBXFileReference; lastKnownFileType = sourcecode.swift; path = UserCollectionTableViewCellViewModel.swift; sourceTree = "<group>"; };
		5716BA30264D6F4600B4869B /* ReviewViewController.swift */ = {isa = PBXFileReference; lastKnownFileType = sourcecode.swift; path = ReviewViewController.swift; sourceTree = "<group>"; };
		5716BA32264D7CE900B4869B /* ShareProtocol.swift */ = {isa = PBXFileReference; lastKnownFileType = sourcecode.swift; path = ShareProtocol.swift; sourceTree = "<group>"; };
		5716BA36264D94D000B4869B /* SearchCollection.swift */ = {isa = PBXFileReference; lastKnownFileType = sourcecode.swift; path = SearchCollection.swift; sourceTree = "<group>"; };
		5716BA38264D98AA00B4869B /* SearchUsersTableViewCell.swift */ = {isa = PBXFileReference; lastKnownFileType = sourcecode.swift; path = SearchUsersTableViewCell.swift; sourceTree = "<group>"; };
		5716BA3A264D98CA00B4869B /* SearchUsersTableViewCell.xib */ = {isa = PBXFileReference; lastKnownFileType = file.xib; path = SearchUsersTableViewCell.xib; sourceTree = "<group>"; };
		5726E9FC26429FA300091D6B /* UnsplashDemoApp.app */ = {isa = PBXFileReference; explicitFileType = wrapper.application; includeInIndex = 0; path = UnsplashDemoApp.app; sourceTree = BUILT_PRODUCTS_DIR; };
		5726E9FF26429FA400091D6B /* AppDelegate.swift */ = {isa = PBXFileReference; lastKnownFileType = sourcecode.swift; path = AppDelegate.swift; sourceTree = "<group>"; };
		5726EA0126429FA400091D6B /* SceneDelegate.swift */ = {isa = PBXFileReference; lastKnownFileType = sourcecode.swift; path = SceneDelegate.swift; sourceTree = "<group>"; };
		5726EA0326429FA400091D6B /* HomeViewController.swift */ = {isa = PBXFileReference; lastKnownFileType = sourcecode.swift; path = HomeViewController.swift; sourceTree = "<group>"; };
		5726EA0626429FA400091D6B /* Base */ = {isa = PBXFileReference; lastKnownFileType = file.storyboard; name = Base; path = Base.lproj/Main.storyboard; sourceTree = "<group>"; };
		5726EA0826429FC800091D6B /* Assets.xcassets */ = {isa = PBXFileReference; lastKnownFileType = folder.assetcatalog; path = Assets.xcassets; sourceTree = "<group>"; };
		5726EA0B26429FC800091D6B /* Base */ = {isa = PBXFileReference; lastKnownFileType = file.storyboard; name = Base; path = Base.lproj/LaunchScreen.storyboard; sourceTree = "<group>"; };
		5726EA0D26429FC800091D6B /* Info.plist */ = {isa = PBXFileReference; lastKnownFileType = text.plist.xml; path = Info.plist; sourceTree = "<group>"; };
		5726EA3A2642D15F00091D6B /* PhotoApi.swift */ = {isa = PBXFileReference; fileEncoding = 4; lastKnownFileType = sourcecode.swift; path = PhotoApi.swift; sourceTree = "<group>"; };
		5726EA462642EC6500091D6B /* Photo.swift */ = {isa = PBXFileReference; lastKnownFileType = sourcecode.swift; path = Photo.swift; sourceTree = "<group>"; };
		5726EA4E2642F19E00091D6B /* ParameterEncoding.swift */ = {isa = PBXFileReference; fileEncoding = 4; lastKnownFileType = sourcecode.swift; path = ParameterEncoding.swift; sourceTree = "<group>"; };
		5726EA4F2642F19E00091D6B /* URLParameterEncoder.swift */ = {isa = PBXFileReference; fileEncoding = 4; lastKnownFileType = sourcecode.swift; path = URLParameterEncoder.swift; sourceTree = "<group>"; };
		5726EA502642F19E00091D6B /* JSONParameterEncoder.swift */ = {isa = PBXFileReference; fileEncoding = 4; lastKnownFileType = sourcecode.swift; path = JSONParameterEncoder.swift; sourceTree = "<group>"; };
		5726EA522642F19E00091D6B /* AppError.swift */ = {isa = PBXFileReference; fileEncoding = 4; lastKnownFileType = sourcecode.swift; path = AppError.swift; sourceTree = "<group>"; };
		5726EA542642F19E00091D6B /* EndPoint.swift */ = {isa = PBXFileReference; fileEncoding = 4; lastKnownFileType = sourcecode.swift; path = EndPoint.swift; sourceTree = "<group>"; };
		5726EA562642F19E00091D6B /* HTTPTask.swift */ = {isa = PBXFileReference; fileEncoding = 4; lastKnownFileType = sourcecode.swift; path = HTTPTask.swift; sourceTree = "<group>"; };
		5726EA572642F19E00091D6B /* HTTPMethod.swift */ = {isa = PBXFileReference; fileEncoding = 4; lastKnownFileType = sourcecode.swift; path = HTTPMethod.swift; sourceTree = "<group>"; };
		5726EA582642F19E00091D6B /* Router.swift */ = {isa = PBXFileReference; fileEncoding = 4; lastKnownFileType = sourcecode.swift; path = Router.swift; sourceTree = "<group>"; };
		5726EA622642F2DD00091D6B /* HomeViewModel.swift */ = {isa = PBXFileReference; lastKnownFileType = sourcecode.swift; path = HomeViewModel.swift; sourceTree = "<group>"; };
		5726EA682642F65D00091D6B /* UIImageView+Ext.swift */ = {isa = PBXFileReference; fileEncoding = 4; lastKnownFileType = sourcecode.swift; path = "UIImageView+Ext.swift"; sourceTree = "<group>"; };
		5726EA692642F65D00091D6B /* ViewReusable.swift */ = {isa = PBXFileReference; fileEncoding = 4; lastKnownFileType = sourcecode.swift; path = ViewReusable.swift; sourceTree = "<group>"; };
		5726EA6B2642F65D00091D6B /* ImageCache.swift */ = {isa = PBXFileReference; fileEncoding = 4; lastKnownFileType = sourcecode.swift; path = ImageCache.swift; sourceTree = "<group>"; };
		572D101A264DCBFC00B90CFC /* SearchUserTableCellViewModel.swift */ = {isa = PBXFileReference; lastKnownFileType = sourcecode.swift; path = SearchUserTableCellViewModel.swift; sourceTree = "<group>"; };
		572D101E264DEEBD00B90CFC /* UserCollection.swift */ = {isa = PBXFileReference; lastKnownFileType = sourcecode.swift; path = UserCollection.swift; sourceTree = "<group>"; };
		572D1023264EAB9D00B90CFC /* WelcomeViewController.swift */ = {isa = PBXFileReference; lastKnownFileType = sourcecode.swift; path = WelcomeViewController.swift; sourceTree = "<group>"; };
		572D102A264EE19400B90CFC /* CollectionsDisplayViewController.swift */ = {isa = PBXFileReference; lastKnownFileType = sourcecode.swift; path = CollectionsDisplayViewController.swift; sourceTree = "<group>"; };
		572D102C264EE5F400B90CFC /* CollectionsDisplayViewModel.swift */ = {isa = PBXFileReference; lastKnownFileType = sourcecode.swift; path = CollectionsDisplayViewModel.swift; sourceTree = "<group>"; };
		572D102F264EE72500B90CFC /* CollectionsDisplayTableViewCell.swift */ = {isa = PBXFileReference; lastKnownFileType = sourcecode.swift; path = CollectionsDisplayTableViewCell.swift; sourceTree = "<group>"; };
		572D1031264EE77200B90CFC /* CollectionDisplayCellViewModel.swift */ = {isa = PBXFileReference; lastKnownFileType = sourcecode.swift; path = CollectionDisplayCellViewModel.swift; sourceTree = "<group>"; };
		572D1034264F11F400B90CFC /* Simulator Screen Recording - iPhone 11 Pro Max - 2021-05-14 at 15.56.41.gif */ = {isa = PBXFileReference; lastKnownFileType = image.gif; path = "Simulator Screen Recording - iPhone 11 Pro Max - 2021-05-14 at 15.56.41.gif"; sourceTree = "<group>"; };
		572D1036264F14F400B90CFC /* Login.storyboard */ = {isa = PBXFileReference; lastKnownFileType = file.storyboard; path = Login.storyboard; sourceTree = "<group>"; };
		57305A2A264593D400552FC8 /* HomeTableViewCell.swift */ = {isa = PBXFileReference; lastKnownFileType = sourcecode.swift; path = HomeTableViewCell.swift; sourceTree = "<group>"; };
		57305A2C2645964100552FC8 /* HomeTableCellViewModel.swift */ = {isa = PBXFileReference; lastKnownFileType = sourcecode.swift; path = HomeTableCellViewModel.swift; sourceTree = "<group>"; };
		57305A2E2645A98C00552FC8 /* Topic.swift */ = {isa = PBXFileReference; lastKnownFileType = sourcecode.swift; path = Topic.swift; sourceTree = "<group>"; };
		57305A302645B34E00552FC8 /* HomeCollectionViewCell.swift */ = {isa = PBXFileReference; lastKnownFileType = sourcecode.swift; path = HomeCollectionViewCell.swift; sourceTree = "<group>"; };
		57305A322645CA3B00552FC8 /* HomeCollectionCellViewModel.swift */ = {isa = PBXFileReference; lastKnownFileType = sourcecode.swift; path = HomeCollectionCellViewModel.swift; sourceTree = "<group>"; };
		573D3F1626472B5A00E8C03F /* TopicPhoto.swift */ = {isa = PBXFileReference; lastKnownFileType = sourcecode.swift; path = TopicPhoto.swift; sourceTree = "<group>"; };
		5787966E2651A94100F43957 /* LoginViewController.swift */ = {isa = PBXFileReference; lastKnownFileType = sourcecode.swift; path = LoginViewController.swift; sourceTree = "<group>"; };
		5796FC922649B8C500C88E8F /* SearchViewController.swift */ = {isa = PBXFileReference; lastKnownFileType = sourcecode.swift; path = SearchViewController.swift; sourceTree = "<group>"; };
		5796FC942649B8D600C88E8F /* SearchViewModel.swift */ = {isa = PBXFileReference; lastKnownFileType = sourcecode.swift; path = SearchViewModel.swift; sourceTree = "<group>"; };
		5796FC962649C2B700C88E8F /* SearchPhoto.swift */ = {isa = PBXFileReference; lastKnownFileType = sourcecode.swift; path = SearchPhoto.swift; sourceTree = "<group>"; };
		5796FC992649C3F800C88E8F /* SearchTableViewCell.swift */ = {isa = PBXFileReference; lastKnownFileType = sourcecode.swift; path = SearchTableViewCell.swift; sourceTree = "<group>"; };
		5796FC9B2649C6E800C88E8F /* SearchTableCellViewModel.swift */ = {isa = PBXFileReference; lastKnownFileType = sourcecode.swift; path = SearchTableCellViewModel.swift; sourceTree = "<group>"; };
		5796FCA9264AB42A00C88E8F /* AddPhotosViewController.swift */ = {isa = PBXFileReference; lastKnownFileType = sourcecode.swift; path = AddPhotosViewController.swift; sourceTree = "<group>"; };
		5796FCAB264AB47C00C88E8F /* BlogCollectionViewCell.swift */ = {isa = PBXFileReference; lastKnownFileType = sourcecode.swift; path = BlogCollectionViewCell.swift; sourceTree = "<group>"; };
		5796FCAD264ABE9300C88E8F /* BlogCollectionCellViewModel.swift */ = {isa = PBXFileReference; lastKnownFileType = sourcecode.swift; path = BlogCollectionCellViewModel.swift; sourceTree = "<group>"; };
		5796FCAF264AC1A900C88E8F /* AddPhotosViewModel.swift */ = {isa = PBXFileReference; lastKnownFileType = sourcecode.swift; path = AddPhotosViewModel.swift; sourceTree = "<group>"; };
		5796FCB1264AD67100C88E8F /* BlogPhotos.swift */ = {isa = PBXFileReference; lastKnownFileType = sourcecode.swift; path = BlogPhotos.swift; sourceTree = "<group>"; };
		5796FCB3264AEADB00C88E8F /* PhotoModel.swift */ = {isa = PBXFileReference; lastKnownFileType = sourcecode.swift; path = PhotoModel.swift; sourceTree = "<group>"; };
		5796FCB5264C773F00C88E8F /* UserCollectionTableViewCell.xib */ = {isa = PBXFileReference; lastKnownFileType = file.xib; path = UserCollectionTableViewCell.xib; sourceTree = "<group>"; };
		5796FCB7264D02F200C88E8F /* UserCollectionTableViewCell.swift */ = {isa = PBXFileReference; lastKnownFileType = sourcecode.swift; path = UserCollectionTableViewCell.swift; sourceTree = "<group>"; };
/* End PBXFileReference section */

/* Begin PBXFrameworksBuildPhase section */
		5726E9F926429FA300091D6B /* Frameworks */ = {
			isa = PBXFrameworksBuildPhase;
			buildActionMask = 2147483647;
			files = (
			);
			runOnlyForDeploymentPostprocessing = 0;
		};
/* End PBXFrameworksBuildPhase section */

/* Begin PBXGroup section */
		571531C02648348E000594E8 /* PhotoViewScreen */ = {
			isa = PBXGroup;
			children = (
				571531C4264834BC000594E8 /* ViewModel */,
				571531C3264834B7000594E8 /* View */,
				571531C2264834B2000594E8 /* Model */,
				571531C1264834AA000594E8 /* Controller */,
			);
			path = PhotoViewScreen;
			sourceTree = "<group>";
		};
		571531C1264834AA000594E8 /* Controller */ = {
			isa = PBXGroup;
			children = (
				571531C526483593000594E8 /* PhotoViewController.swift */,
				571531D12648B041000594E8 /* PhotoInfoViewController.swift */,
			);
			path = Controller;
			sourceTree = "<group>";
		};
		571531C2264834B2000594E8 /* Model */ = {
			isa = PBXGroup;
			children = (
				5796FCB3264AEADB00C88E8F /* PhotoModel.swift */,
			);
			path = Model;
			sourceTree = "<group>";
		};
		571531C3264834B7000594E8 /* View */ = {
			isa = PBXGroup;
			children = (
			);
			path = View;
			sourceTree = "<group>";
		};
		571531C4264834BC000594E8 /* ViewModel */ = {
			isa = PBXGroup;
			children = (
				571531C726483895000594E8 /* PhotoDisplayViewModel.swift */,
			);
			path = ViewModel;
			sourceTree = "<group>";
		};
		571531CB26488AFB000594E8 /* UserDetailScreen */ = {
			isa = PBXGroup;
			children = (
				571531D62648BA1B000594E8 /* ViewModel */,
				571531D52648BA05000594E8 /* View */,
				571531D42648B9FB000594E8 /* Model */,
				571531D32648B9F2000594E8 /* Controller */,
			);
			path = UserDetailScreen;
			sourceTree = "<group>";
		};
		571531D32648B9F2000594E8 /* Controller */ = {
			isa = PBXGroup;
			children = (
				571531D72648BA40000594E8 /* UserDetailViewController.swift */,
			);
			path = Controller;
			sourceTree = "<group>";
		};
		571531D42648B9FB000594E8 /* Model */ = {
			isa = PBXGroup;
			children = (
				571531D92648BB0D000594E8 /* UserDetail.swift */,
			);
			path = Model;
			sourceTree = "<group>";
		};
		571531D52648BA05000594E8 /* View */ = {
			isa = PBXGroup;
			children = (
				571531DD264910ED000594E8 /* UserTableViewCell.swift */,
				5796FCB5264C773F00C88E8F /* UserCollectionTableViewCell.xib */,
				5796FCB7264D02F200C88E8F /* UserCollectionTableViewCell.swift */,
			);
			path = View;
			sourceTree = "<group>";
		};
		571531D62648BA1B000594E8 /* ViewModel */ = {
			isa = PBXGroup;
			children = (
				571531DB2648BB66000594E8 /* UserDetailViewModel.swift */,
				571531DF26495EB8000594E8 /* UserTableCellViewModel.swift */,
				5716BA2B264D19D200B4869B /* UserCollectionTableViewCellViewModel.swift */,
			);
			path = ViewModel;
			sourceTree = "<group>";
		};
		5716BA2D264D693600B4869B /* ReviewViewController */ = {
			isa = PBXGroup;
			children = (
				5716BA2F264D6F2000B4869B /* ViewModel */,
				5716BA2E264D6F1400B4869B /* Controller */,
			);
			path = ReviewViewController;
			sourceTree = "<group>";
		};
		5716BA2E264D6F1400B4869B /* Controller */ = {
			isa = PBXGroup;
			children = (
				5716BA30264D6F4600B4869B /* ReviewViewController.swift */,
			);
			path = Controller;
			sourceTree = "<group>";
		};
		5716BA2F264D6F2000B4869B /* ViewModel */ = {
			isa = PBXGroup;
			children = (
			);
			path = ViewModel;
			sourceTree = "<group>";
		};
		5726E9F326429FA300091D6B = {
			isa = PBXGroup;
			children = (
				5726E9FE26429FA300091D6B /* UnsplashDemoApp */,
				5726E9FD26429FA300091D6B /* Products */,
			);
			sourceTree = "<group>";
		};
		5726E9FD26429FA300091D6B /* Products */ = {
			isa = PBXGroup;
			children = (
				5726E9FC26429FA300091D6B /* UnsplashDemoApp.app */,
			);
			name = Products;
			sourceTree = "<group>";
		};
		5726E9FE26429FA300091D6B /* UnsplashDemoApp */ = {
			isa = PBXGroup;
			children = (
				5726EA662642F65D00091D6B /* Reusable Components */,
				5726EA4C2642F19E00091D6B /* Network Layer */,
				5726EA172642A08700091D6B /* Module */,
				5726EA162642A07800091D6B /* Resources */,
				5726EA142642A04800091D6B /* Common */,
				5726EA152642A05E00091D6B /* Storyboard */,
			);
			path = UnsplashDemoApp;
			sourceTree = "<group>";
		};
		5726EA142642A04800091D6B /* Common */ = {
			isa = PBXGroup;
			children = (
				5726EA0126429FA400091D6B /* SceneDelegate.swift */,
				5726E9FF26429FA400091D6B /* AppDelegate.swift */,
				5726EA0D26429FC800091D6B /* Info.plist */,
			);
			path = Common;
			sourceTree = "<group>";
		};
		5726EA152642A05E00091D6B /* Storyboard */ = {
			isa = PBXGroup;
			children = (
				5726EA0A26429FC800091D6B /* LaunchScreen.storyboard */,
				5726EA0526429FA400091D6B /* Main.storyboard */,
				572D1036264F14F400B90CFC /* Login.storyboard */,
			);
			path = Storyboard;
			sourceTree = "<group>";
		};
		5726EA162642A07800091D6B /* Resources */ = {
			isa = PBXGroup;
			children = (
				572D1033264F119600B90CFC /* Github Source */,
				5726EA0826429FC800091D6B /* Assets.xcassets */,
			);
			path = Resources;
			sourceTree = "<group>";
		};
		5726EA172642A08700091D6B /* Module */ = {
			isa = PBXGroup;
			children = (
				578796692651A8EE00F43957 /* Login View Screen */,
				572D1025264EDEE000B90CFC /* CollectionViewScreen */,
				5716BA2D264D693600B4869B /* ReviewViewController */,
				5796FCA4264AB3BB00C88E8F /* AddPhotosScreen */,
				5796FC8C2649B40100C88E8F /* SearchScreen */,
				571531CB26488AFB000594E8 /* UserDetailScreen */,
				571531C02648348E000594E8 /* PhotoViewScreen */,
				5726EA392642D15F00091D6B /* APIs */,
				5726EA412642EBD100091D6B /* HomeScreen */,
			);
			path = Module;
			sourceTree = "<group>";
		};
		5726EA392642D15F00091D6B /* APIs */ = {
			isa = PBXGroup;
			children = (
				5726EA3A2642D15F00091D6B /* PhotoApi.swift */,
			);
			path = APIs;
			sourceTree = "<group>";
		};
		5726EA412642EBD100091D6B /* HomeScreen */ = {
			isa = PBXGroup;
			children = (
				5726EA452642EC1F00091D6B /* ViewModel */,
				5726EA432642EC0700091D6B /* View */,
				5726EA442642EC1000091D6B /* Model */,
				5726EA422642EBF800091D6B /* Controller */,
			);
			path = HomeScreen;
			sourceTree = "<group>";
		};
		5726EA422642EBF800091D6B /* Controller */ = {
			isa = PBXGroup;
			children = (
				5726EA0326429FA400091D6B /* HomeViewController.swift */,
				572D1023264EAB9D00B90CFC /* WelcomeViewController.swift */,
			);
			path = Controller;
			sourceTree = "<group>";
		};
		5726EA432642EC0700091D6B /* View */ = {
			isa = PBXGroup;
			children = (
				57305A2A264593D400552FC8 /* HomeTableViewCell.swift */,
				57305A302645B34E00552FC8 /* HomeCollectionViewCell.swift */,
			);
			path = View;
			sourceTree = "<group>";
		};
		5726EA442642EC1000091D6B /* Model */ = {
			isa = PBXGroup;
			children = (
				5726EA462642EC6500091D6B /* Photo.swift */,
				57305A2E2645A98C00552FC8 /* Topic.swift */,
				573D3F1626472B5A00E8C03F /* TopicPhoto.swift */,
			);
			path = Model;
			sourceTree = "<group>";
		};
		5726EA452642EC1F00091D6B /* ViewModel */ = {
			isa = PBXGroup;
			children = (
				5726EA622642F2DD00091D6B /* HomeViewModel.swift */,
				57305A2C2645964100552FC8 /* HomeTableCellViewModel.swift */,
				57305A322645CA3B00552FC8 /* HomeCollectionCellViewModel.swift */,
			);
			path = ViewModel;
			sourceTree = "<group>";
		};
		5726EA4C2642F19E00091D6B /* Network Layer */ = {
			isa = PBXGroup;
			children = (
				5726EA4D2642F19E00091D6B /* Encoding */,
				5726EA512642F19E00091D6B /* Manager */,
				5726EA532642F19E00091D6B /* EndPoint */,
				5726EA552642F19E00091D6B /* Service */,
			);
			path = "Network Layer";
			sourceTree = "<group>";
		};
		5726EA4D2642F19E00091D6B /* Encoding */ = {
			isa = PBXGroup;
			children = (
				5726EA4E2642F19E00091D6B /* ParameterEncoding.swift */,
				5726EA4F2642F19E00091D6B /* URLParameterEncoder.swift */,
				5726EA502642F19E00091D6B /* JSONParameterEncoder.swift */,
			);
			path = Encoding;
			sourceTree = "<group>";
		};
		5726EA512642F19E00091D6B /* Manager */ = {
			isa = PBXGroup;
			children = (
				5726EA522642F19E00091D6B /* AppError.swift */,
			);
			path = Manager;
			sourceTree = "<group>";
		};
		5726EA532642F19E00091D6B /* EndPoint */ = {
			isa = PBXGroup;
			children = (
				5726EA542642F19E00091D6B /* EndPoint.swift */,
			);
			path = EndPoint;
			sourceTree = "<group>";
		};
		5726EA552642F19E00091D6B /* Service */ = {
			isa = PBXGroup;
			children = (
				5726EA562642F19E00091D6B /* HTTPTask.swift */,
				5726EA572642F19E00091D6B /* HTTPMethod.swift */,
				5726EA582642F19E00091D6B /* Router.swift */,
			);
			path = Service;
			sourceTree = "<group>";
		};
		5726EA662642F65D00091D6B /* Reusable Components */ = {
			isa = PBXGroup;
			children = (
				5726EA672642F65D00091D6B /* Extension */,
				5726EA6A2642F65D00091D6B /* Caching */,
			);
			path = "Reusable Components";
			sourceTree = "<group>";
		};
		5726EA672642F65D00091D6B /* Extension */ = {
			isa = PBXGroup;
			children = (
				5726EA682642F65D00091D6B /* UIImageView+Ext.swift */,
				5726EA692642F65D00091D6B /* ViewReusable.swift */,
				5716BA32264D7CE900B4869B /* ShareProtocol.swift */,
			);
			path = Extension;
			sourceTree = "<group>";
		};
		5726EA6A2642F65D00091D6B /* Caching */ = {
			isa = PBXGroup;
			children = (
				5726EA6B2642F65D00091D6B /* ImageCache.swift */,
			);
			path = Caching;
			sourceTree = "<group>";
		};
		572D1025264EDEE000B90CFC /* CollectionViewScreen */ = {
			isa = PBXGroup;
			children = (
				572D1029264EE15700B90CFC /* ViewModel */,
				572D1028264EE14900B90CFC /* View */,
				572D1027264EE14200B90CFC /* Model */,
				572D1026264EDEEE00B90CFC /* Controller */,
			);
			path = CollectionViewScreen;
			sourceTree = "<group>";
		};
		572D1026264EDEEE00B90CFC /* Controller */ = {
			isa = PBXGroup;
			children = (
				572D102A264EE19400B90CFC /* CollectionsDisplayViewController.swift */,
			);
			path = Controller;
			sourceTree = "<group>";
		};
		572D1027264EE14200B90CFC /* Model */ = {
			isa = PBXGroup;
			children = (
			);
			path = Model;
			sourceTree = "<group>";
		};
		572D1028264EE14900B90CFC /* View */ = {
			isa = PBXGroup;
			children = (
				572D102F264EE72500B90CFC /* CollectionsDisplayTableViewCell.swift */,
			);
			path = View;
			sourceTree = "<group>";
		};
		572D1029264EE15700B90CFC /* ViewModel */ = {
			isa = PBXGroup;
			children = (
				572D102C264EE5F400B90CFC /* CollectionsDisplayViewModel.swift */,
				572D1031264EE77200B90CFC /* CollectionDisplayCellViewModel.swift */,
			);
			path = ViewModel;
			sourceTree = "<group>";
		};
		572D1033264F119600B90CFC /* Github Source */ = {
			isa = PBXGroup;
			children = (
				572D1034264F11F400B90CFC /* Simulator Screen Recording - iPhone 11 Pro Max - 2021-05-14 at 15.56.41.gif */,
			);
			path = "Github Source";
			sourceTree = "<group>";
		};
		578796692651A8EE00F43957 /* Login View Screen */ = {
			isa = PBXGroup;
			children = (
				5787966D2651A91000F43957 /* View Model */,
				5787966C2651A90A00F43957 /* View */,
				5787966B2651A90400F43957 /* Model */,
				5787966A2651A8FA00F43957 /* Controller */,
			);
			path = "Login View Screen";
			sourceTree = "<group>";
		};
		5787966A2651A8FA00F43957 /* Controller */ = {
			isa = PBXGroup;
			children = (
				5787966E2651A94100F43957 /* LoginViewController.swift */,
			);
			path = Controller;
			sourceTree = "<group>";
		};
		5787966B2651A90400F43957 /* Model */ = {
			isa = PBXGroup;
			children = (
			);
			path = Model;
			sourceTree = "<group>";
		};
		5787966C2651A90A00F43957 /* View */ = {
			isa = PBXGroup;
			children = (
			);
			path = View;
			sourceTree = "<group>";
		};
		5787966D2651A91000F43957 /* View Model */ = {
			isa = PBXGroup;
			children = (
			);
			path = "View Model";
			sourceTree = "<group>";
		};
		5796FC8C2649B40100C88E8F /* SearchScreen */ = {
			isa = PBXGroup;
			children = (
				5796FC902649B43200C88E8F /* ViewModel */,
				5796FC8F2649B42C00C88E8F /* View */,
				5796FC8E2649B41F00C88E8F /* Model */,
				5796FC8D2649B41800C88E8F /* Controller */,
			);
			path = SearchScreen;
			sourceTree = "<group>";
		};
		5796FC8D2649B41800C88E8F /* Controller */ = {
			isa = PBXGroup;
			children = (
				5796FC922649B8C500C88E8F /* SearchViewController.swift */,
			);
			path = Controller;
			sourceTree = "<group>";
		};
		5796FC8E2649B41F00C88E8F /* Model */ = {
			isa = PBXGroup;
			children = (
				5796FC962649C2B700C88E8F /* SearchPhoto.swift */,
				5716BA36264D94D000B4869B /* SearchCollection.swift */,
				572D101E264DEEBD00B90CFC /* UserCollection.swift */,
			);
			path = Model;
			sourceTree = "<group>";
		};
		5796FC8F2649B42C00C88E8F /* View */ = {
			isa = PBXGroup;
			children = (
				5796FC992649C3F800C88E8F /* SearchTableViewCell.swift */,
				5716BA38264D98AA00B4869B /* SearchUsersTableViewCell.swift */,
				5716BA3A264D98CA00B4869B /* SearchUsersTableViewCell.xib */,
			);
			path = View;
			sourceTree = "<group>";
		};
		5796FC902649B43200C88E8F /* ViewModel */ = {
			isa = PBXGroup;
			children = (
				5796FC942649B8D600C88E8F /* SearchViewModel.swift */,
				5796FC9B2649C6E800C88E8F /* SearchTableCellViewModel.swift */,
				572D101A264DCBFC00B90CFC /* SearchUserTableCellViewModel.swift */,
			);
			path = ViewModel;
			sourceTree = "<group>";
		};
		5796FCA4264AB3BB00C88E8F /* AddPhotosScreen */ = {
			isa = PBXGroup;
			children = (
				5796FCA8264AB3E700C88E8F /* ViewModel */,
				5796FCA7264AB3E200C88E8F /* View */,
				5796FCA6264AB3DA00C88E8F /* Model */,
				5796FCA5264AB3D300C88E8F /* Controller */,
			);
			path = AddPhotosScreen;
			sourceTree = "<group>";
		};
		5796FCA5264AB3D300C88E8F /* Controller */ = {
			isa = PBXGroup;
			children = (
				5796FCA9264AB42A00C88E8F /* AddPhotosViewController.swift */,
			);
			path = Controller;
			sourceTree = "<group>";
		};
		5796FCA6264AB3DA00C88E8F /* Model */ = {
			isa = PBXGroup;
			children = (
				5796FCB1264AD67100C88E8F /* BlogPhotos.swift */,
			);
			path = Model;
			sourceTree = "<group>";
		};
		5796FCA7264AB3E200C88E8F /* View */ = {
			isa = PBXGroup;
			children = (
				5796FCAB264AB47C00C88E8F /* BlogCollectionViewCell.swift */,
			);
			path = View;
			sourceTree = "<group>";
		};
		5796FCA8264AB3E700C88E8F /* ViewModel */ = {
			isa = PBXGroup;
			children = (
				5796FCAD264ABE9300C88E8F /* BlogCollectionCellViewModel.swift */,
				5796FCAF264AC1A900C88E8F /* AddPhotosViewModel.swift */,
			);
			path = ViewModel;
			sourceTree = "<group>";
		};
/* End PBXGroup section */

/* Begin PBXNativeTarget section */
		5726E9FB26429FA300091D6B /* UnsplashDemoApp */ = {
			isa = PBXNativeTarget;
			buildConfigurationList = 5726EA1026429FC900091D6B /* Build configuration list for PBXNativeTarget "UnsplashDemoApp" */;
			buildPhases = (
				5726E9F826429FA300091D6B /* Sources */,
				5726E9F926429FA300091D6B /* Frameworks */,
				5726E9FA26429FA300091D6B /* Resources */,
				5726EA3D2642E25400091D6B /* ShellScript */,
			);
			buildRules = (
			);
			dependencies = (
			);
			name = UnsplashDemoApp;
			productName = UnsplashDemoApp;
			productReference = 5726E9FC26429FA300091D6B /* UnsplashDemoApp.app */;
			productType = "com.apple.product-type.application";
		};
/* End PBXNativeTarget section */

/* Begin PBXProject section */
		5726E9F426429FA300091D6B /* Project object */ = {
			isa = PBXProject;
			attributes = {
				LastSwiftUpdateCheck = 1240;
				LastUpgradeCheck = 1240;
				TargetAttributes = {
					5726E9FB26429FA300091D6B = {
						CreatedOnToolsVersion = 12.4;
					};
				};
			};
			buildConfigurationList = 5726E9F726429FA300091D6B /* Build configuration list for PBXProject "UnsplashDemoApp" */;
			compatibilityVersion = "Xcode 9.3";
			developmentRegion = en;
			hasScannedForEncodings = 0;
			knownRegions = (
				en,
				Base,
			);
			mainGroup = 5726E9F326429FA300091D6B;
			productRefGroup = 5726E9FD26429FA300091D6B /* Products */;
			projectDirPath = "";
			projectRoot = "";
			targets = (
				5726E9FB26429FA300091D6B /* UnsplashDemoApp */,
			);
		};
/* End PBXProject section */

/* Begin PBXResourcesBuildPhase section */
		5726E9FA26429FA300091D6B /* Resources */ = {
			isa = PBXResourcesBuildPhase;
			buildActionMask = 2147483647;
			files = (
				5726EA0C26429FC800091D6B /* LaunchScreen.storyboard in Resources */,
				5726EA0926429FC800091D6B /* Assets.xcassets in Resources */,
				572D1037264F14F400B90CFC /* Login.storyboard in Resources */,
				5796FCB6264C775000C88E8F /* UserCollectionTableViewCell.xib in Resources */,
				5726EA0726429FA400091D6B /* Main.storyboard in Resources */,
				572D1035264F11F500B90CFC /* Simulator Screen Recording - iPhone 11 Pro Max - 2021-05-14 at 15.56.41.gif in Resources */,
				5716BA3B264D98CA00B4869B /* SearchUsersTableViewCell.xib in Resources */,
			);
			runOnlyForDeploymentPostprocessing = 0;
		};
/* End PBXResourcesBuildPhase section */

/* Begin PBXShellScriptBuildPhase section */
		5726EA3D2642E25400091D6B /* ShellScript */ = {
			isa = PBXShellScriptBuildPhase;
			buildActionMask = 2147483647;
			files = (
			);
			inputFileListPaths = (
			);
			inputPaths = (
			);
			outputFileListPaths = (
			);
			outputPaths = (
			);
			runOnlyForDeploymentPostprocessing = 0;
			shellPath = /bin/sh;
			shellScript = "# Type a script or drag a script file from your workspace to insert its path.\nif which swiftlint >/dev/null; then\n  swiftlint\nelse\n  echo \"error: SwiftLint not installed, download from https://github.com/realm/SwiftLint\"\n  exit 1\n  fi\n";
		};
/* End PBXShellScriptBuildPhase section */

/* Begin PBXSourcesBuildPhase section */
		5726E9F826429FA300091D6B /* Sources */ = {
			isa = PBXSourcesBuildPhase;
			buildActionMask = 2147483647;
			files = (
				5716BA31264D6F4700B4869B /* ReviewViewController.swift in Sources */,
				57305A2D2645964100552FC8 /* HomeTableCellViewModel.swift in Sources */,
				572D101B264DCBFC00B90CFC /* SearchUserTableCellViewModel.swift in Sources */,
				5796FCAA264AB42A00C88E8F /* AddPhotosViewController.swift in Sources */,
				5716BA37264D94D000B4869B /* SearchCollection.swift in Sources */,
				572D1032264EE77200B90CFC /* CollectionDisplayCellViewModel.swift in Sources */,
				5726EA6D2642F65D00091D6B /* ViewReusable.swift in Sources */,
				5726EA5B2642F19F00091D6B /* JSONParameterEncoder.swift in Sources */,
				5726EA6E2642F65D00091D6B /* ImageCache.swift in Sources */,
				5726EA592642F19F00091D6B /* ParameterEncoding.swift in Sources */,
				5726EA5D2642F19F00091D6B /* EndPoint.swift in Sources */,
				571531C626483593000594E8 /* PhotoViewController.swift in Sources */,
				5716BA33264D7CE900B4869B /* ShareProtocol.swift in Sources */,
				5796FCAE264ABE9300C88E8F /* BlogCollectionCellViewModel.swift in Sources */,
				5726EA5C2642F19F00091D6B /* AppError.swift in Sources */,
				5796FC9C2649C6E800C88E8F /* SearchTableCellViewModel.swift in Sources */,
				572D102B264EE19500B90CFC /* CollectionsDisplayViewController.swift in Sources */,
				573D3F1726472B5A00E8C03F /* TopicPhoto.swift in Sources */,
				5796FC9A2649C3F800C88E8F /* SearchTableViewCell.swift in Sources */,
				572D1030264EE72500B90CFC /* CollectionsDisplayTableViewCell.swift in Sources */,
				572D101F264DEEBD00B90CFC /* UserCollection.swift in Sources */,
				57305A332645CA3B00552FC8 /* HomeCollectionCellViewModel.swift in Sources */,
				571531E026495EB8000594E8 /* UserTableCellViewModel.swift in Sources */,
				57305A2B264593D400552FC8 /* HomeTableViewCell.swift in Sources */,
				5796FC932649B8C500C88E8F /* SearchViewController.swift in Sources */,
				5796FC952649B8D600C88E8F /* SearchViewModel.swift in Sources */,
				571531DC2648BB66000594E8 /* UserDetailViewModel.swift in Sources */,
				5796FCB4264AEADB00C88E8F /* PhotoModel.swift in Sources */,
				5787966F2651A94100F43957 /* LoginViewController.swift in Sources */,
				5726EA0426429FA400091D6B /* HomeViewController.swift in Sources */,
				571531DE264910ED000594E8 /* UserTableViewCell.swift in Sources */,
				572D102D264EE5F400B90CFC /* CollectionsDisplayViewModel.swift in Sources */,
				5726EA0026429FA400091D6B /* AppDelegate.swift in Sources */,
				571531D82648BA40000594E8 /* UserDetailViewController.swift in Sources */,
				5796FC972649C2B700C88E8F /* SearchPhoto.swift in Sources */,
				5796FCB0264AC1A900C88E8F /* AddPhotosViewModel.swift in Sources */,
				5726EA6C2642F65D00091D6B /* UIImageView+Ext.swift in Sources */,
				5726EA472642EC6500091D6B /* Photo.swift in Sources */,
				5726EA5E2642F19F00091D6B /* HTTPTask.swift in Sources */,
				5726EA5F2642F19F00091D6B /* HTTPMethod.swift in Sources */,
				57305A312645B34E00552FC8 /* HomeCollectionViewCell.swift in Sources */,
				5716BA39264D98AA00B4869B /* SearchUsersTableViewCell.swift in Sources */,
				5796FCAC264AB47C00C88E8F /* BlogCollectionViewCell.swift in Sources */,
				5726EA632642F2DD00091D6B /* HomeViewModel.swift in Sources */,
				5796FCB8264D02F200C88E8F /* UserCollectionTableViewCell.swift in Sources */,
				571531C826483895000594E8 /* PhotoDisplayViewModel.swift in Sources */,
				5796FCB2264AD67100C88E8F /* BlogPhotos.swift in Sources */,
				5726EA5A2642F19F00091D6B /* URLParameterEncoder.swift in Sources */,
				5726EA0226429FA400091D6B /* SceneDelegate.swift in Sources */,
				572D1024264EAB9D00B90CFC /* WelcomeViewController.swift in Sources */,
				57305A2F2645A98D00552FC8 /* Topic.swift in Sources */,
				5726EA3B2642D15F00091D6B /* PhotoApi.swift in Sources */,
				5726EA602642F19F00091D6B /* Router.swift in Sources */,
				5716BA2C264D19D200B4869B /* UserCollectionTableViewCellViewModel.swift in Sources */,
				571531D22648B041000594E8 /* PhotoInfoViewController.swift in Sources */,
				571531DA2648BB0D000594E8 /* UserDetail.swift in Sources */,
			);
			runOnlyForDeploymentPostprocessing = 0;
		};
/* End PBXSourcesBuildPhase section */

/* Begin PBXVariantGroup section */
		5726EA0526429FA400091D6B /* Main.storyboard */ = {
			isa = PBXVariantGroup;
			children = (
				5726EA0626429FA400091D6B /* Base */,
			);
			name = Main.storyboard;
			sourceTree = "<group>";
		};
		5726EA0A26429FC800091D6B /* LaunchScreen.storyboard */ = {
			isa = PBXVariantGroup;
			children = (
				5726EA0B26429FC800091D6B /* Base */,
			);
			name = LaunchScreen.storyboard;
			sourceTree = "<group>";
		};
/* End PBXVariantGroup section */

/* Begin XCBuildConfiguration section */
		5726EA0E26429FC900091D6B /* Debug */ = {
			isa = XCBuildConfiguration;
			buildSettings = {
				ALWAYS_SEARCH_USER_PATHS = NO;
				CLANG_ANALYZER_NONNULL = YES;
				CLANG_ANALYZER_NUMBER_OBJECT_CONVERSION = YES_AGGRESSIVE;
				CLANG_CXX_LANGUAGE_STANDARD = "gnu++14";
				CLANG_CXX_LIBRARY = "libc++";
				CLANG_ENABLE_MODULES = YES;
				CLANG_ENABLE_OBJC_ARC = YES;
				CLANG_ENABLE_OBJC_WEAK = YES;
				CLANG_WARN_BLOCK_CAPTURE_AUTORELEASING = YES;
				CLANG_WARN_BOOL_CONVERSION = YES;
				CLANG_WARN_COMMA = YES;
				CLANG_WARN_CONSTANT_CONVERSION = YES;
				CLANG_WARN_DEPRECATED_OBJC_IMPLEMENTATIONS = YES;
				CLANG_WARN_DIRECT_OBJC_ISA_USAGE = YES_ERROR;
				CLANG_WARN_DOCUMENTATION_COMMENTS = YES;
				CLANG_WARN_EMPTY_BODY = YES;
				CLANG_WARN_ENUM_CONVERSION = YES;
				CLANG_WARN_INFINITE_RECURSION = YES;
				CLANG_WARN_INT_CONVERSION = YES;
				CLANG_WARN_NON_LITERAL_NULL_CONVERSION = YES;
				CLANG_WARN_OBJC_IMPLICIT_RETAIN_SELF = YES;
				CLANG_WARN_OBJC_LITERAL_CONVERSION = YES;
				CLANG_WARN_OBJC_ROOT_CLASS = YES_ERROR;
				CLANG_WARN_QUOTED_INCLUDE_IN_FRAMEWORK_HEADER = YES;
				CLANG_WARN_RANGE_LOOP_ANALYSIS = YES;
				CLANG_WARN_STRICT_PROTOTYPES = YES;
				CLANG_WARN_SUSPICIOUS_MOVE = YES;
				CLANG_WARN_UNGUARDED_AVAILABILITY = YES_AGGRESSIVE;
				CLANG_WARN_UNREACHABLE_CODE = YES;
				CLANG_WARN__DUPLICATE_METHOD_MATCH = YES;
				COPY_PHASE_STRIP = NO;
				DEBUG_INFORMATION_FORMAT = dwarf;
				ENABLE_STRICT_OBJC_MSGSEND = YES;
				ENABLE_TESTABILITY = YES;
				GCC_C_LANGUAGE_STANDARD = gnu11;
				GCC_DYNAMIC_NO_PIC = NO;
				GCC_NO_COMMON_BLOCKS = YES;
				GCC_OPTIMIZATION_LEVEL = 0;
				GCC_PREPROCESSOR_DEFINITIONS = (
					"DEBUG=1",
					"$(inherited)",
				);
				GCC_WARN_64_TO_32_BIT_CONVERSION = YES;
				GCC_WARN_ABOUT_RETURN_TYPE = YES_ERROR;
				GCC_WARN_UNDECLARED_SELECTOR = YES;
				GCC_WARN_UNINITIALIZED_AUTOS = YES_AGGRESSIVE;
				GCC_WARN_UNUSED_FUNCTION = YES;
				GCC_WARN_UNUSED_VARIABLE = YES;
				IPHONEOS_DEPLOYMENT_TARGET = 14.4;
				MTL_ENABLE_DEBUG_INFO = INCLUDE_SOURCE;
				MTL_FAST_MATH = YES;
				ONLY_ACTIVE_ARCH = YES;
				SDKROOT = iphoneos;
				SWIFT_ACTIVE_COMPILATION_CONDITIONS = DEBUG;
				SWIFT_OPTIMIZATION_LEVEL = "-Onone";
			};
			name = Debug;
		};
		5726EA0F26429FC900091D6B /* Release */ = {
			isa = XCBuildConfiguration;
			buildSettings = {
				ALWAYS_SEARCH_USER_PATHS = NO;
				CLANG_ANALYZER_NONNULL = YES;
				CLANG_ANALYZER_NUMBER_OBJECT_CONVERSION = YES_AGGRESSIVE;
				CLANG_CXX_LANGUAGE_STANDARD = "gnu++14";
				CLANG_CXX_LIBRARY = "libc++";
				CLANG_ENABLE_MODULES = YES;
				CLANG_ENABLE_OBJC_ARC = YES;
				CLANG_ENABLE_OBJC_WEAK = YES;
				CLANG_WARN_BLOCK_CAPTURE_AUTORELEASING = YES;
				CLANG_WARN_BOOL_CONVERSION = YES;
				CLANG_WARN_COMMA = YES;
				CLANG_WARN_CONSTANT_CONVERSION = YES;
				CLANG_WARN_DEPRECATED_OBJC_IMPLEMENTATIONS = YES;
				CLANG_WARN_DIRECT_OBJC_ISA_USAGE = YES_ERROR;
				CLANG_WARN_DOCUMENTATION_COMMENTS = YES;
				CLANG_WARN_EMPTY_BODY = YES;
				CLANG_WARN_ENUM_CONVERSION = YES;
				CLANG_WARN_INFINITE_RECURSION = YES;
				CLANG_WARN_INT_CONVERSION = YES;
				CLANG_WARN_NON_LITERAL_NULL_CONVERSION = YES;
				CLANG_WARN_OBJC_IMPLICIT_RETAIN_SELF = YES;
				CLANG_WARN_OBJC_LITERAL_CONVERSION = YES;
				CLANG_WARN_OBJC_ROOT_CLASS = YES_ERROR;
				CLANG_WARN_QUOTED_INCLUDE_IN_FRAMEWORK_HEADER = YES;
				CLANG_WARN_RANGE_LOOP_ANALYSIS = YES;
				CLANG_WARN_STRICT_PROTOTYPES = YES;
				CLANG_WARN_SUSPICIOUS_MOVE = YES;
				CLANG_WARN_UNGUARDED_AVAILABILITY = YES_AGGRESSIVE;
				CLANG_WARN_UNREACHABLE_CODE = YES;
				CLANG_WARN__DUPLICATE_METHOD_MATCH = YES;
				COPY_PHASE_STRIP = NO;
				DEBUG_INFORMATION_FORMAT = "dwarf-with-dsym";
				ENABLE_NS_ASSERTIONS = NO;
				ENABLE_STRICT_OBJC_MSGSEND = YES;
				GCC_C_LANGUAGE_STANDARD = gnu11;
				GCC_NO_COMMON_BLOCKS = YES;
				GCC_WARN_64_TO_32_BIT_CONVERSION = YES;
				GCC_WARN_ABOUT_RETURN_TYPE = YES_ERROR;
				GCC_WARN_UNDECLARED_SELECTOR = YES;
				GCC_WARN_UNINITIALIZED_AUTOS = YES_AGGRESSIVE;
				GCC_WARN_UNUSED_FUNCTION = YES;
				GCC_WARN_UNUSED_VARIABLE = YES;
				IPHONEOS_DEPLOYMENT_TARGET = 14.4;
				MTL_ENABLE_DEBUG_INFO = NO;
				MTL_FAST_MATH = YES;
				SDKROOT = iphoneos;
				SWIFT_COMPILATION_MODE = wholemodule;
				SWIFT_OPTIMIZATION_LEVEL = "-O";
				VALIDATE_PRODUCT = YES;
			};
			name = Release;
		};
		5726EA1126429FC900091D6B /* Debug */ = {
			isa = XCBuildConfiguration;
			buildSettings = {
				ASSETCATALOG_COMPILER_APPICON_NAME = AppIcon;
				ASSETCATALOG_COMPILER_GLOBAL_ACCENT_COLOR_NAME = AccentColor;
				CODE_SIGN_STYLE = Automatic;
				INFOPLIST_FILE = UnsplashDemoApp/Common/Info.plist;
				IPHONEOS_DEPLOYMENT_TARGET = 13.0;
				LD_RUNPATH_SEARCH_PATHS = (
					"$(inherited)",
					"@executable_path/Frameworks",
				);
				PRODUCT_BUNDLE_IDENTIFIER = com.example.debarshee.UnsplashDemoApp;
				PRODUCT_NAME = "$(TARGET_NAME)";
				SWIFT_VERSION = 5.0;
				TARGETED_DEVICE_FAMILY = "1,2";
			};
			name = Debug;
		};
		5726EA1226429FC900091D6B /* Release */ = {
			isa = XCBuildConfiguration;
			buildSettings = {
				ASSETCATALOG_COMPILER_APPICON_NAME = AppIcon;
				ASSETCATALOG_COMPILER_GLOBAL_ACCENT_COLOR_NAME = AccentColor;
				CODE_SIGN_STYLE = Automatic;
				INFOPLIST_FILE = UnsplashDemoApp/Common/Info.plist;
				IPHONEOS_DEPLOYMENT_TARGET = 13.0;
				LD_RUNPATH_SEARCH_PATHS = (
					"$(inherited)",
					"@executable_path/Frameworks",
				);
				PRODUCT_BUNDLE_IDENTIFIER = com.example.debarshee.UnsplashDemoApp;
				PRODUCT_NAME = "$(TARGET_NAME)";
				SWIFT_VERSION = 5.0;
				TARGETED_DEVICE_FAMILY = "1,2";
			};
			name = Release;
		};
/* End XCBuildConfiguration section */

/* Begin XCConfigurationList section */
		5726E9F726429FA300091D6B /* Build configuration list for PBXProject "UnsplashDemoApp" */ = {
			isa = XCConfigurationList;
			buildConfigurations = (
				5726EA0E26429FC900091D6B /* Debug */,
				5726EA0F26429FC900091D6B /* Release */,
			);
			defaultConfigurationIsVisible = 0;
			defaultConfigurationName = Release;
		};
		5726EA1026429FC900091D6B /* Build configuration list for PBXNativeTarget "UnsplashDemoApp" */ = {
			isa = XCConfigurationList;
			buildConfigurations = (
				5726EA1126429FC900091D6B /* Debug */,
				5726EA1226429FC900091D6B /* Release */,
			);
			defaultConfigurationIsVisible = 0;
			defaultConfigurationName = Release;
		};
/* End XCConfigurationList section */
	};
	rootObject = 5726E9F426429FA300091D6B /* Project object */;
}
